
Microsoft Visual Studio Solution File, Format Version 12.00
# Visual Studio Version 17
VisualStudioVersion = 17.14.37012.4 d17.14
MinimumVisualStudioVersion = 10.0.40219.1
Project("{FAE04EC0-301F-11D3-BF4B-00C04F79EFBC}") = "TDDTests.Core", "TDDTests.Core\TDDTests.Core.csproj", "{953BAA0C-B02A-4781-B5F3-E7D7EA419474}"
EndProject
Global
	GlobalSection(SolutionConfigurationPlatforms) = preSolution
		Debug|Any CPU = Debug|Any CPU
		Release|Any CPU = Release|Any CPU
	EndGlobalSection
	GlobalSection(ProjectConfigurationPlatforms) = postSolution
		{953BAA0C-B02A-4781-B5F3-E7D7EA419474}.Debug|Any CPU.ActiveCfg = Debug|Any CPU
		{953BAA0C-B02A-4781-B5F3-E7D7EA419474}.Debug|Any CPU.Build.0 = Debug|Any CPU
		{953BAA0C-B02A-4781-B5F3-E7D7EA419474}.Release|Any CPU.ActiveCfg = Release|Any CPU
		{953BAA0C-B02A-4781-B5F3-E7D7EA419474}.Release|Any CPU.Build.0 = Release|Any CPU
	EndGlobalSection
	GlobalSection(SolutionProperties) = preSolution
		HideSolutionNode = FALSE
	EndGlobalSection
	GlobalSection(ExtensibilityGlobals) = postSolution
		SolutionGuid = {F1C6F8BC-D60E-4541-800E-E06CAD1B5637}
	EndGlobalSection
EndGlobal
